
Microsoft Visual Studio Solution File, Format Version 12.00
# Visual Studio Version 17
VisualStudioVersion = 17.14.36518.9 d17.14
MinimumVisualStudioVersion = 10.0.40219.1
Project("{FAE04EC0-301F-11D3-BF4B-00C04F79EFBC}") = "GitTestDemo", "GitTestDemo.csproj", "{8BB3DA55-1B1A-4BBF-B6CA-9C343145BC11}"
EndProject
Project("{FAE04EC0-301F-11D3-BF4B-00C04F79EFBC}") = "GitTestDemo.Tests", "GitTestDemo.Tests\GitTestDemo.Tests.csproj", "{74A33FC7-2649-4807-B28E-3CFEAA2C0253}"
EndProject
Global
	GlobalSection(SolutionConfigurationPlatforms) = preSolution
		Debug|Any CPU = Debug|Any CPU
		Release|Any CPU = Release|Any CPU
	EndGlobalSection
	GlobalSection(ProjectConfigurationPlatforms) = postSolution
		{8BB3DA55-1B1A-4BBF-B6CA-9C343145BC11}.Debug|Any CPU.ActiveCfg = Debug|Any CPU
		{8BB3DA55-1B1A-4BBF-B6CA-9C343145BC11}.Debug|Any CPU.Build.0 = Debug|Any CPU
		{8BB3DA55-1B1A-4BBF-B6CA-9C343145BC11}.Release|Any CPU.ActiveCfg = Release|Any CPU
		{8BB3DA55-1B1A-4BBF-B6CA-9C343145BC11}.Release|Any CPU.Build.0 = Release|Any CPU
		{74A33FC7-2649-4807-B28E-3CFEAA2C0253}.Debug|Any CPU.ActiveCfg = Debug|Any CPU
		{74A33FC7-2649-4807-B28E-3CFEAA2C0253}.Debug|Any CPU.Build.0 = Debug|Any CPU
		{74A33FC7-2649-4807-B28E-3CFEAA2C0253}.Release|Any CPU.ActiveCfg = Release|Any CPU
		{74A33FC7-2649-4807-B28E-3CFEAA2C0253}.Release|Any CPU.Build.0 = Release|Any CPU
	EndGlobalSection
	GlobalSection(SolutionProperties) = preSolution
		HideSolutionNode = FALSE
	EndGlobalSection
	GlobalSection(ExtensibilityGlobals) = postSolution
		SolutionGuid = {23AE8E71-499B-4913-8777-09A95FEFE2C6}
	EndGlobalSection
EndGlobal
